
Microsoft Visual Studio Solution File, Format Version 12.00
# Visual Studio 15
VisualStudioVersion = 15.0.28307.329
MinimumVisualStudioVersion = 10.0.40219.1
Project("{FAE04EC0-301F-11D3-BF4B-00C04F79EFBC}") = "Universe.Android", "Universe\Universe.Android\Universe.Android.csproj", "{B1C977DE-2953-4DC3-8DD9-769481021C86}"
EndProject
Project("{FAE04EC0-301F-11D3-BF4B-00C04F79EFBC}") = "Universe.iOS", "Universe\Universe.iOS\Universe.iOS.csproj", "{5D8C3B54-429A-481C-9C2F-FC5F7A16221C}"
EndProject
Project("{FAE04EC0-301F-11D3-BF4B-00C04F79EFBC}") = "Universe.UWP", "Universe\Universe.UWP\Universe.UWP.csproj", "{2AB7A502-6E41-47D8-8E44-0211A9C51826}"
EndProject
Project("{9A19103F-16F7-4668-BE54-9A1E7A4F7556}") = "Universe", "Universe\Universe\Universe.csproj", "{65BD679F-C1E5-471B-BBF6-F961471947F0}"
	ProjectSection(ProjectDependencies) = postProject
		{2371BBF5-C35F-4DBE-8395-7975B776683D} = {2371BBF5-C35F-4DBE-8395-7975B776683D}
	EndProjectSection
EndProject
Project("{9A19103F-16F7-4668-BE54-9A1E7A4F7556}") = "Backend", "Backend\Backend.csproj", "{2371BBF5-C35F-4DBE-8395-7975B776683D}"
EndProject
Project("{FAE04EC0-301F-11D3-BF4B-00C04F79EFBC}") = "XUnitTestProject1", "XUnitTestProject1\XUnitTestProject1.csproj", "{34D520BE-3F72-479E-B220-74655443AB8F}"
	ProjectSection(ProjectDependencies) = postProject
		{2371BBF5-C35F-4DBE-8395-7975B776683D} = {2371BBF5-C35F-4DBE-8395-7975B776683D}
	EndProjectSection
EndProject
Global
	GlobalSection(SolutionConfigurationPlatforms) = preSolution
		Ad-Hoc|Any CPU = Ad-Hoc|Any CPU
		Ad-Hoc|ARM = Ad-Hoc|ARM
		Ad-Hoc|iPhone = Ad-Hoc|iPhone
		Ad-Hoc|iPhoneSimulator = Ad-Hoc|iPhoneSimulator
		Ad-Hoc|x64 = Ad-Hoc|x64
		Ad-Hoc|x86 = Ad-Hoc|x86
		AppStore|Any CPU = AppStore|Any CPU
		AppStore|ARM = AppStore|ARM
		AppStore|iPhone = AppStore|iPhone
		AppStore|iPhoneSimulator = AppStore|iPhoneSimulator
		AppStore|x64 = AppStore|x64
		AppStore|x86 = AppStore|x86
		Debug|Any CPU = Debug|Any CPU
		Debug|ARM = Debug|ARM
		Debug|iPhone = Debug|iPhone
		Debug|iPhoneSimulator = Debug|iPhoneSimulator
		Debug|x64 = Debug|x64
		Debug|x86 = Debug|x86
		Release|Any CPU = Release|Any CPU
		Release|ARM = Release|ARM
		Release|iPhone = Release|iPhone
		Release|iPhoneSimulator = Release|iPhoneSimulator
		Release|x64 = Release|x64
		Release|x86 = Release|x86
	EndGlobalSection
	GlobalSection(ProjectConfigurationPlatforms) = postSolution
		{B1C977DE-2953-4DC3-8DD9-769481021C86}.Ad-Hoc|Any CPU.ActiveCfg = Release|Any CPU
		{B1C977DE-2953-4DC3-8DD9-769481021C86}.Ad-Hoc|Any CPU.Build.0 = Release|Any CPU
		{B1C977DE-2953-4DC3-8DD9-769481021C86}.Ad-Hoc|Any CPU.Deploy.0 = Release|Any CPU
		{B1C977DE-2953-4DC3-8DD9-769481021C86}.Ad-Hoc|ARM.ActiveCfg = Release|Any CPU
		{B1C977DE-2953-4DC3-8DD9-769481021C86}.Ad-Hoc|ARM.Build.0 = Release|Any CPU
		{B1C977DE-2953-4DC3-8DD9-769481021C86}.Ad-Hoc|ARM.Deploy.0 = Release|Any CPU
		{B1C977DE-2953-4DC3-8DD9-769481021C86}.Ad-Hoc|iPhone.ActiveCfg = Release|Any CPU
		{B1C977DE-2953-4DC3-8DD9-769481021C86}.Ad-Hoc|iPhone.Build.0 = Release|Any CPU
		{B1C977DE-2953-4DC3-8DD9-769481021C86}.Ad-Hoc|iPhone.Deploy.0 = Release|Any CPU
		{B1C977DE-2953-4DC3-8DD9-769481021C86}.Ad-Hoc|iPhoneSimulator.ActiveCfg = Release|Any CPU
		{B1C977DE-2953-4DC3-8DD9-769481021C86}.Ad-Hoc|iPhoneSimulator.Build.0 = Release|Any CPU
		{B1C977DE-2953-4DC3-8DD9-769481021C86}.Ad-Hoc|iPhoneSimulator.Deploy.0 = Release|Any CPU
		{B1C977DE-2953-4DC3-8DD9-769481021C86}.Ad-Hoc|x64.ActiveCfg = Release|Any CPU
		{B1C977DE-2953-4DC3-8DD9-769481021C86}.Ad-Hoc|x64.Build.0 = Release|Any CPU
		{B1C977DE-2953-4DC3-8DD9-769481021C86}.Ad-Hoc|x64.Deploy.0 = Release|Any CPU
		{B1C977DE-2953-4DC3-8DD9-769481021C86}.Ad-Hoc|x86.ActiveCfg = Release|Any CPU
		{B1C977DE-2953-4DC3-8DD9-769481021C86}.Ad-Hoc|x86.Build.0 = Release|Any CPU
		{B1C977DE-2953-4DC3-8DD9-769481021C86}.Ad-Hoc|x86.Deploy.0 = Release|Any CPU
		{B1C977DE-2953-4DC3-8DD9-769481021C86}.AppStore|Any CPU.ActiveCfg = Release|Any CPU
		{B1C977DE-2953-4DC3-8DD9-769481021C86}.AppStore|Any CPU.Build.0 = Release|Any CPU
		{B1C977DE-2953-4DC3-8DD9-769481021C86}.AppStore|Any CPU.Deploy.0 = Release|Any CPU
		{B1C977DE-2953-4DC3-8DD9-769481021C86}.AppStore|ARM.ActiveCfg = Release|Any CPU
		{B1C977DE-2953-4DC3-8DD9-769481021C86}.AppStore|ARM.Build.0 = Release|Any CPU
		{B1C977DE-2953-4DC3-8DD9-769481021C86}.AppStore|ARM.Deploy.0 = Release|Any CPU
		{B1C977DE-2953-4DC3-8DD9-769481021C86}.AppStore|iPhone.ActiveCfg = Release|Any CPU
		{B1C977DE-2953-4DC3-8DD9-769481021C86}.AppStore|iPhone.Build.0 = Release|Any CPU
		{B1C977DE-2953-4DC3-8DD9-769481021C86}.AppStore|iPhone.Deploy.0 = Release|Any CPU
		{B1C977DE-2953-4DC3-8DD9-769481021C86}.AppStore|iPhoneSimulator.ActiveCfg = Release|Any CPU
		{B1C977DE-2953-4DC3-8DD9-769481021C86}.AppStore|iPhoneSimulator.Build.0 = Release|Any CPU
		{B1C977DE-2953-4DC3-8DD9-769481021C86}.AppStore|iPhoneSimulator.Deploy.0 = Release|Any CPU
		{B1C977DE-2953-4DC3-8DD9-769481021C86}.AppStore|x64.ActiveCfg = Release|Any CPU
		{B1C977DE-2953-4DC3-8DD9-769481021C86}.AppStore|x64.Build.0 = Release|Any CPU
		{B1C977DE-2953-4DC3-8DD9-769481021C86}.AppStore|x64.Deploy.0 = Release|Any CPU
		{B1C977DE-2953-4DC3-8DD9-769481021C86}.AppStore|x86.ActiveCfg = Release|Any CPU
		{B1C977DE-2953-4DC3-8DD9-769481021C86}.AppStore|x86.Build.0 = Release|Any CPU
		{B1C977DE-2953-4DC3-8DD9-769481021C86}.AppStore|x86.Deploy.0 = Release|Any CPU
		{B1C977DE-2953-4DC3-8DD9-769481021C86}.Debug|Any CPU.ActiveCfg = Debug|Any CPU
		{B1C977DE-2953-4DC3-8DD9-769481021C86}.Debug|Any CPU.Build.0 = Debug|Any CPU
		{B1C977DE-2953-4DC3-8DD9-769481021C86}.Debug|Any CPU.Deploy.0 = Debug|Any CPU
		{B1C977DE-2953-4DC3-8DD9-769481021C86}.Debug|ARM.ActiveCfg = Debug|Any CPU
		{B1C977DE-2953-4DC3-8DD9-769481021C86}.Debug|ARM.Build.0 = Debug|Any CPU
		{B1C977DE-2953-4DC3-8DD9-769481021C86}.Debug|ARM.Deploy.0 = Debug|Any CPU
		{B1C977DE-2953-4DC3-8DD9-769481021C86}.Debug|iPhone.ActiveCfg = Debug|Any CPU
		{B1C977DE-2953-4DC3-8DD9-769481021C86}.Debug|iPhone.Build.0 = Debug|Any CPU
		{B1C977DE-2953-4DC3-8DD9-769481021C86}.Debug|iPhone.Deploy.0 = Debug|Any CPU
		{B1C977DE-2953-4DC3-8DD9-769481021C86}.Debug|iPhoneSimulator.ActiveCfg = Debug|Any CPU
		{B1C977DE-2953-4DC3-8DD9-769481021C86}.Debug|iPhoneSimulator.Build.0 = Debug|Any CPU
		{B1C977DE-2953-4DC3-8DD9-769481021C86}.Debug|iPhoneSimulator.Deploy.0 = Debug|Any CPU
		{B1C977DE-2953-4DC3-8DD9-769481021C86}.Debug|x64.ActiveCfg = Debug|Any CPU
		{B1C977DE-2953-4DC3-8DD9-769481021C86}.Debug|x64.Build.0 = Debug|Any CPU
		{B1C977DE-2953-4DC3-8DD9-769481021C86}.Debug|x64.Deploy.0 = Debug|Any CPU
		{B1C977DE-2953-4DC3-8DD9-769481021C86}.Debug|x86.ActiveCfg = Debug|Any CPU
		{B1C977DE-2953-4DC3-8DD9-769481021C86}.Debug|x86.Build.0 = Debug|Any CPU
		{B1C977DE-2953-4DC3-8DD9-769481021C86}.Debug|x86.Deploy.0 = Debug|Any CPU
		{B1C977DE-2953-4DC3-8DD9-769481021C86}.Release|Any CPU.ActiveCfg = Release|Any CPU
		{B1C977DE-2953-4DC3-8DD9-769481021C86}.Release|Any CPU.Build.0 = Release|Any CPU
		{B1C977DE-2953-4DC3-8DD9-769481021C86}.Release|Any CPU.Deploy.0 = Release|Any CPU
		{B1C977DE-2953-4DC3-8DD9-769481021C86}.Release|ARM.ActiveCfg = Release|Any CPU
		{B1C977DE-2953-4DC3-8DD9-769481021C86}.Release|ARM.Build.0 = Release|Any CPU
		{B1C977DE-2953-4DC3-8DD9-769481021C86}.Release|ARM.Deploy.0 = Release|Any CPU
		{B1C977DE-2953-4DC3-8DD9-769481021C86}.Release|iPhone.ActiveCfg = Release|Any CPU
		{B1C977DE-2953-4DC3-8DD9-769481021C86}.Release|iPhone.Build.0 = Release|Any CPU
		{B1C977DE-2953-4DC3-8DD9-769481021C86}.Release|iPhone.Deploy.0 = Release|Any CPU
		{B1C977DE-2953-4DC3-8DD9-769481021C86}.Release|iPhoneSimulator.ActiveCfg = Release|Any CPU
		{B1C977DE-2953-4DC3-8DD9-769481021C86}.Release|iPhoneSimulator.Build.0 = Release|Any CPU
		{B1C977DE-2953-4DC3-8DD9-769481021C86}.Release|iPhoneSimulator.Deploy.0 = Release|Any CPU
		{B1C977DE-2953-4DC3-8DD9-769481021C86}.Release|x64.ActiveCfg = Release|Any CPU
		{B1C977DE-2953-4DC3-8DD9-769481021C86}.Release|x64.Build.0 = Release|Any CPU
		{B1C977DE-2953-4DC3-8DD9-769481021C86}.Release|x64.Deploy.0 = Release|Any CPU
		{B1C977DE-2953-4DC3-8DD9-769481021C86}.Release|x86.ActiveCfg = Release|Any CPU
		{B1C977DE-2953-4DC3-8DD9-769481021C86}.Release|x86.Build.0 = Release|Any CPU
		{B1C977DE-2953-4DC3-8DD9-769481021C86}.Release|x86.Deploy.0 = Release|Any CPU
		{5D8C3B54-429A-481C-9C2F-FC5F7A16221C}.Ad-Hoc|Any CPU.ActiveCfg = Ad-Hoc|iPhone
		{5D8C3B54-429A-481C-9C2F-FC5F7A16221C}.Ad-Hoc|Any CPU.Build.0 = Ad-Hoc|iPhone
		{5D8C3B54-429A-481C-9C2F-FC5F7A16221C}.Ad-Hoc|Any CPU.Deploy.0 = Ad-Hoc|iPhone
		{5D8C3B54-429A-481C-9C2F-FC5F7A16221C}.Ad-Hoc|ARM.ActiveCfg = Ad-Hoc|iPhone
		{5D8C3B54-429A-481C-9C2F-FC5F7A16221C}.Ad-Hoc|ARM.Build.0 = Ad-Hoc|iPhone
		{5D8C3B54-429A-481C-9C2F-FC5F7A16221C}.Ad-Hoc|ARM.Deploy.0 = Ad-Hoc|iPhone
		{5D8C3B54-429A-481C-9C2F-FC5F7A16221C}.Ad-Hoc|iPhone.ActiveCfg = Ad-Hoc|iPhone
		{5D8C3B54-429A-481C-9C2F-FC5F7A16221C}.Ad-Hoc|iPhone.Build.0 = Ad-Hoc|iPhone
		{5D8C3B54-429A-481C-9C2F-FC5F7A16221C}.Ad-Hoc|iPhone.Deploy.0 = Ad-Hoc|iPhone
		{5D8C3B54-429A-481C-9C2F-FC5F7A16221C}.Ad-Hoc|iPhoneSimulator.ActiveCfg = Ad-Hoc|iPhoneSimulator
		{5D8C3B54-429A-481C-9C2F-FC5F7A16221C}.Ad-Hoc|iPhoneSimulator.Build.0 = Ad-Hoc|iPhoneSimulator
		{5D8C3B54-429A-481C-9C2F-FC5F7A16221C}.Ad-Hoc|iPhoneSimulator.Deploy.0 = Ad-Hoc|iPhoneSimulator
		{5D8C3B54-429A-481C-9C2F-FC5F7A16221C}.Ad-Hoc|x64.ActiveCfg = Ad-Hoc|iPhone
		{5D8C3B54-429A-481C-9C2F-FC5F7A16221C}.Ad-Hoc|x64.Build.0 = Ad-Hoc|iPhone
		{5D8C3B54-429A-481C-9C2F-FC5F7A16221C}.Ad-Hoc|x64.Deploy.0 = Ad-Hoc|iPhone
		{5D8C3B54-429A-481C-9C2F-FC5F7A16221C}.Ad-Hoc|x86.ActiveCfg = Ad-Hoc|iPhone
		{5D8C3B54-429A-481C-9C2F-FC5F7A16221C}.Ad-Hoc|x86.Build.0 = Ad-Hoc|iPhone
		{5D8C3B54-429A-481C-9C2F-FC5F7A16221C}.Ad-Hoc|x86.Deploy.0 = Ad-Hoc|iPhone
		{5D8C3B54-429A-481C-9C2F-FC5F7A16221C}.AppStore|Any CPU.ActiveCfg = AppStore|iPhone
		{5D8C3B54-429A-481C-9C2F-FC5F7A16221C}.AppStore|Any CPU.Build.0 = AppStore|iPhone
		{5D8C3B54-429A-481C-9C2F-FC5F7A16221C}.AppStore|Any CPU.Deploy.0 = AppStore|iPhone
		{5D8C3B54-429A-481C-9C2F-FC5F7A16221C}.AppStore|ARM.ActiveCfg = AppStore|iPhone
		{5D8C3B54-429A-481C-9C2F-FC5F7A16221C}.AppStore|ARM.Build.0 = AppStore|iPhone
		{5D8C3B54-429A-481C-9C2F-FC5F7A16221C}.AppStore|ARM.Deploy.0 = AppStore|iPhone
		{5D8C3B54-429A-481C-9C2F-FC5F7A16221C}.AppStore|iPhone.ActiveCfg = AppStore|iPhone
		{5D8C3B54-429A-481C-9C2F-FC5F7A16221C}.AppStore|iPhone.Build.0 = AppStore|iPhone
		{5D8C3B54-429A-481C-9C2F-FC5F7A16221C}.AppStore|iPhone.Deploy.0 = AppStore|iPhone
		{5D8C3B54-429A-481C-9C2F-FC5F7A16221C}.AppStore|iPhoneSimulator.ActiveCfg = AppStore|iPhoneSimulator
		{5D8C3B54-429A-481C-9C2F-FC5F7A16221C}.AppStore|iPhoneSimulator.Build.0 = AppStore|iPhoneSimulator
		{5D8C3B54-429A-481C-9C2F-FC5F7A16221C}.AppStore|iPhoneSimulator.Deploy.0 = AppStore|iPhoneSimulator
		{5D8C3B54-429A-481C-9C2F-FC5F7A16221C}.AppStore|x64.ActiveCfg = AppStore|iPhone
		{5D8C3B54-429A-481C-9C2F-FC5F7A16221C}.AppStore|x64.Build.0 = AppStore|iPhone
		{5D8C3B54-429A-481C-9C2F-FC5F7A16221C}.AppStore|x64.Deploy.0 = AppStore|iPhone
		{5D8C3B54-429A-481C-9C2F-FC5F7A16221C}.AppStore|x86.ActiveCfg = AppStore|iPhone
		{5D8C3B54-429A-481C-9C2F-FC5F7A16221C}.AppStore|x86.Build.0 = AppStore|iPhone
		{5D8C3B54-429A-481C-9C2F-FC5F7A16221C}.AppStore|x86.Deploy.0 = AppStore|iPhone
		{5D8C3B54-429A-481C-9C2F-FC5F7A16221C}.Debug|Any CPU.ActiveCfg = Debug|iPhoneSimulator
		{5D8C3B54-429A-481C-9C2F-FC5F7A16221C}.Debug|Any CPU.Build.0 = Debug|iPhoneSimulator
		{5D8C3B54-429A-481C-9C2F-FC5F7A16221C}.Debug|Any CPU.Deploy.0 = Debug|iPhoneSimulator
		{5D8C3B54-429A-481C-9C2F-FC5F7A16221C}.Debug|ARM.ActiveCfg = Debug|iPhone
		{5D8C3B54-429A-481C-9C2F-FC5F7A16221C}.Debug|ARM.Build.0 = Debug|iPhone
		{5D8C3B54-429A-481C-9C2F-FC5F7A16221C}.Debug|ARM.Deploy.0 = Debug|iPhone
		{5D8C3B54-429A-481C-9C2F-FC5F7A16221C}.Debug|iPhone.ActiveCfg = Debug|iPhone
		{5D8C3B54-429A-481C-9C2F-FC5F7A16221C}.Debug|iPhone.Build.0 = Debug|iPhone
		{5D8C3B54-429A-481C-9C2F-FC5F7A16221C}.Debug|iPhone.Deploy.0 = Debug|iPhone
		{5D8C3B54-429A-481C-9C2F-FC5F7A16221C}.Debug|iPhoneSimulator.ActiveCfg = Debug|iPhoneSimulator
		{5D8C3B54-429A-481C-9C2F-FC5F7A16221C}.Debug|iPhoneSimulator.Build.0 = Debug|iPhoneSimulator
		{5D8C3B54-429A-481C-9C2F-FC5F7A16221C}.Debug|iPhoneSimulator.Deploy.0 = Debug|iPhoneSimulator
		{5D8C3B54-429A-481C-9C2F-FC5F7A16221C}.Debug|x64.ActiveCfg = Debug|iPhone
		{5D8C3B54-429A-481C-9C2F-FC5F7A16221C}.Debug|x64.Build.0 = Debug|iPhone
		{5D8C3B54-429A-481C-9C2F-FC5F7A16221C}.Debug|x64.Deploy.0 = Debug|iPhone
		{5D8C3B54-429A-481C-9C2F-FC5F7A16221C}.Debug|x86.ActiveCfg = Debug|iPhone
		{5D8C3B54-429A-481C-9C2F-FC5F7A16221C}.Debug|x86.Build.0 = Debug|iPhone
		{5D8C3B54-429A-481C-9C2F-FC5F7A16221C}.Debug|x86.Deploy.0 = Debug|iPhone
		{5D8C3B54-429A-481C-9C2F-FC5F7A16221C}.Release|Any CPU.ActiveCfg = Release|iPhone
		{5D8C3B54-429A-481C-9C2F-FC5F7A16221C}.Release|Any CPU.Build.0 = Release|iPhone
		{5D8C3B54-429A-481C-9C2F-FC5F7A16221C}.Release|Any CPU.Deploy.0 = Release|iPhone
		{5D8C3B54-429A-481C-9C2F-FC5F7A16221C}.Release|ARM.ActiveCfg = Release|iPhone
		{5D8C3B54-429A-481C-9C2F-FC5F7A16221C}.Release|ARM.Build.0 = Release|iPhone
		{5D8C3B54-429A-481C-9C2F-FC5F7A16221C}.Release|ARM.Deploy.0 = Release|iPhone
		{5D8C3B54-429A-481C-9C2F-FC5F7A16221C}.Release|iPhone.ActiveCfg = Release|iPhone
		{5D8C3B54-429A-481C-9C2F-FC5F7A16221C}.Release|iPhone.Build.0 = Release|iPhone
		{5D8C3B54-429A-481C-9C2F-FC5F7A16221C}.Release|iPhone.Deploy.0 = Release|iPhone
		{5D8C3B54-429A-481C-9C2F-FC5F7A16221C}.Release|iPhoneSimulator.ActiveCfg = Release|iPhoneSimulator
		{5D8C3B54-429A-481C-9C2F-FC5F7A16221C}.Release|iPhoneSimulator.Build.0 = Release|iPhoneSimulator
		{5D8C3B54-429A-481C-9C2F-FC5F7A16221C}.Release|iPhoneSimulator.Deploy.0 = Release|iPhoneSimulator
		{5D8C3B54-429A-481C-9C2F-FC5F7A16221C}.Release|x64.ActiveCfg = Release|iPhone
		{5D8C3B54-429A-481C-9C2F-FC5F7A16221C}.Release|x64.Build.0 = Release|iPhone
		{5D8C3B54-429A-481C-9C2F-FC5F7A16221C}.Release|x64.Deploy.0 = Release|iPhone
		{5D8C3B54-429A-481C-9C2F-FC5F7A16221C}.Release|x86.ActiveCfg = Release|iPhone
		{5D8C3B54-429A-481C-9C2F-FC5F7A16221C}.Release|x86.Build.0 = Release|iPhone
		{5D8C3B54-429A-481C-9C2F-FC5F7A16221C}.Release|x86.Deploy.0 = Release|iPhone
		{2AB7A502-6E41-47D8-8E44-0211A9C51826}.Ad-Hoc|Any CPU.ActiveCfg = Release|x86
		{2AB7A502-6E41-47D8-8E44-0211A9C51826}.Ad-Hoc|Any CPU.Build.0 = Release|x86
		{2AB7A502-6E41-47D8-8E44-0211A9C51826}.Ad-Hoc|Any CPU.Deploy.0 = Release|x86
		{2AB7A502-6E41-47D8-8E44-0211A9C51826}.Ad-Hoc|ARM.ActiveCfg = Release|ARM
		{2AB7A502-6E41-47D8-8E44-0211A9C51826}.Ad-Hoc|ARM.Build.0 = Release|ARM
		{2AB7A502-6E41-47D8-8E44-0211A9C51826}.Ad-Hoc|ARM.Deploy.0 = Release|ARM
		{2AB7A502-6E41-47D8-8E44-0211A9C51826}.Ad-Hoc|iPhone.ActiveCfg = Release|x86
		{2AB7A502-6E41-47D8-8E44-0211A9C51826}.Ad-Hoc|iPhone.Build.0 = Release|x86
		{2AB7A502-6E41-47D8-8E44-0211A9C51826}.Ad-Hoc|iPhone.Deploy.0 = Release|x86
		{2AB7A502-6E41-47D8-8E44-0211A9C51826}.Ad-Hoc|iPhoneSimulator.ActiveCfg = Release|x86
		{2AB7A502-6E41-47D8-8E44-0211A9C51826}.Ad-Hoc|iPhoneSimulator.Build.0 = Release|x86
		{2AB7A502-6E41-47D8-8E44-0211A9C51826}.Ad-Hoc|iPhoneSimulator.Deploy.0 = Release|x86
		{2AB7A502-6E41-47D8-8E44-0211A9C51826}.Ad-Hoc|x64.ActiveCfg = Release|x64
		{2AB7A502-6E41-47D8-8E44-0211A9C51826}.Ad-Hoc|x64.Build.0 = Release|x64
		{2AB7A502-6E41-47D8-8E44-0211A9C51826}.Ad-Hoc|x64.Deploy.0 = Release|x64
		{2AB7A502-6E41-47D8-8E44-0211A9C51826}.Ad-Hoc|x86.ActiveCfg = Release|x86
		{2AB7A502-6E41-47D8-8E44-0211A9C51826}.Ad-Hoc|x86.Build.0 = Release|x86
		{2AB7A502-6E41-47D8-8E44-0211A9C51826}.Ad-Hoc|x86.Deploy.0 = Release|x86
		{2AB7A502-6E41-47D8-8E44-0211A9C51826}.AppStore|Any CPU.ActiveCfg = Release|x86
		{2AB7A502-6E41-47D8-8E44-0211A9C51826}.AppStore|Any CPU.Build.0 = Release|x86
		{2AB7A502-6E41-47D8-8E44-0211A9C51826}.AppStore|Any CPU.Deploy.0 = Release|x86
		{2AB7A502-6E41-47D8-8E44-0211A9C51826}.AppStore|ARM.ActiveCfg = Release|ARM
		{2AB7A502-6E41-47D8-8E44-0211A9C51826}.AppStore|ARM.Build.0 = Release|ARM
		{2AB7A502-6E41-47D8-8E44-0211A9C51826}.AppStore|ARM.Deploy.0 = Release|ARM
		{2AB7A502-6E41-47D8-8E44-0211A9C51826}.AppStore|iPhone.ActiveCfg = Release|x86
		{2AB7A502-6E41-47D8-8E44-0211A9C51826}.AppStore|iPhone.Build.0 = Release|x86
		{2AB7A502-6E41-47D8-8E44-0211A9C51826}.AppStore|iPhone.Deploy.0 = Release|x86
		{2AB7A502-6E41-47D8-8E44-0211A9C51826}.AppStore|iPhoneSimulator.ActiveCfg = Release|x86
		{2AB7A502-6E41-47D8-8E44-0211A9C51826}.AppStore|iPhoneSimulator.Build.0 = Release|x86
		{2AB7A502-6E41-47D8-8E44-0211A9C51826}.AppStore|iPhoneSimulator.Deploy.0 = Release|x86
		{2AB7A502-6E41-47D8-8E44-0211A9C51826}.AppStore|x64.ActiveCfg = Release|x64
		{2AB7A502-6E41-47D8-8E44-0211A9C51826}.AppStore|x64.Build.0 = Release|x64
		{2AB7A502-6E41-47D8-8E44-0211A9C51826}.AppStore|x64.Deploy.0 = Release|x64
		{2AB7A502-6E41-47D8-8E44-0211A9C51826}.AppStore|x86.ActiveCfg = Release|x86
		{2AB7A502-6E41-47D8-8E44-0211A9C51826}.AppStore|x86.Build.0 = Release|x86
		{2AB7A502-6E41-47D8-8E44-0211A9C51826}.AppStore|x86.Deploy.0 = Release|x86
		{2AB7A502-6E41-47D8-8E44-0211A9C51826}.Debug|Any CPU.ActiveCfg = Debug|x86
		{2AB7A502-6E41-47D8-8E44-0211A9C51826}.Debug|Any CPU.Build.0 = Debug|x86
		{2AB7A502-6E41-47D8-8E44-0211A9C51826}.Debug|Any CPU.Deploy.0 = Debug|x86
		{2AB7A502-6E41-47D8-8E44-0211A9C51826}.Debug|ARM.ActiveCfg = Debug|ARM
		{2AB7A502-6E41-47D8-8E44-0211A9C51826}.Debug|ARM.Build.0 = Debug|ARM
		{2AB7A502-6E41-47D8-8E44-0211A9C51826}.Debug|ARM.Deploy.0 = Debug|ARM
		{2AB7A502-6E41-47D8-8E44-0211A9C51826}.Debug|iPhone.ActiveCfg = Debug|x86
		{2AB7A502-6E41-47D8-8E44-0211A9C51826}.Debug|iPhone.Build.0 = Debug|x86
		{2AB7A502-6E41-47D8-8E44-0211A9C51826}.Debug|iPhone.Deploy.0 = Debug|x86
		{2AB7A502-6E41-47D8-8E44-0211A9C51826}.Debug|iPhoneSimulator.ActiveCfg = Debug|x86
		{2AB7A502-6E41-47D8-8E44-0211A9C51826}.Debug|iPhoneSimulator.Build.0 = Debug|x86
		{2AB7A502-6E41-47D8-8E44-0211A9C51826}.Debug|iPhoneSimulator.Deploy.0 = Debug|x86
		{2AB7A502-6E41-47D8-8E44-0211A9C51826}.Debug|x64.ActiveCfg = Debug|x64
		{2AB7A502-6E41-47D8-8E44-0211A9C51826}.Debug|x64.Build.0 = Debug|x64
		{2AB7A502-6E41-47D8-8E44-0211A9C51826}.Debug|x64.Deploy.0 = Debug|x64
		{2AB7A502-6E41-47D8-8E44-0211A9C51826}.Debug|x86.ActiveCfg = Debug|x86
		{2AB7A502-6E41-47D8-8E44-0211A9C51826}.Debug|x86.Build.0 = Debug|x86
		{2AB7A502-6E41-47D8-8E44-0211A9C51826}.Debug|x86.Deploy.0 = Debug|x86
		{2AB7A502-6E41-47D8-8E44-0211A9C51826}.Release|Any CPU.ActiveCfg = Release|x86
		{2AB7A502-6E41-47D8-8E44-0211A9C51826}.Release|Any CPU.Build.0 = Release|x86
		{2AB7A502-6E41-47D8-8E44-0211A9C51826}.Release|Any CPU.Deploy.0 = Release|x86
		{2AB7A502-6E41-47D8-8E44-0211A9C51826}.Release|ARM.ActiveCfg = Release|ARM
		{2AB7A502-6E41-47D8-8E44-0211A9C51826}.Release|ARM.Build.0 = Release|ARM
		{2AB7A502-6E41-47D8-8E44-0211A9C51826}.Release|ARM.Deploy.0 = Release|ARM
		{2AB7A502-6E41-47D8-8E44-0211A9C51826}.Release|iPhone.ActiveCfg = Release|x86
		{2AB7A502-6E41-47D8-8E44-0211A9C51826}.Release|iPhone.Build.0 = Release|x86
		{2AB7A502-6E41-47D8-8E44-0211A9C51826}.Release|iPhone.Deploy.0 = Release|x86
		{2AB7A502-6E41-47D8-8E44-0211A9C51826}.Release|iPhoneSimulator.ActiveCfg = Release|x86
		{2AB7A502-6E41-47D8-8E44-0211A9C51826}.Release|iPhoneSimulator.Build.0 = Release|x86
		{2AB7A502-6E41-47D8-8E44-0211A9C51826}.Release|iPhoneSimulator.Deploy.0 = Release|x86
		{2AB7A502-6E41-47D8-8E44-0211A9C51826}.Release|x64.ActiveCfg = Release|x64
		{2AB7A502-6E41-47D8-8E44-0211A9C51826}.Release|x64.Build.0 = Release|x64
		{2AB7A502-6E41-47D8-8E44-0211A9C51826}.Release|x64.Deploy.0 = Release|x64
		{2AB7A502-6E41-47D8-8E44-0211A9C51826}.Release|x86.ActiveCfg = Release|x86
		{2AB7A502-6E41-47D8-8E44-0211A9C51826}.Release|x86.Build.0 = Release|x86
		{2AB7A502-6E41-47D8-8E44-0211A9C51826}.Release|x86.Deploy.0 = Release|x86
		{65BD679F-C1E5-471B-BBF6-F961471947F0}.Ad-Hoc|Any CPU.ActiveCfg = Debug|Any CPU
		{65BD679F-C1E5-471B-BBF6-F961471947F0}.Ad-Hoc|Any CPU.Build.0 = Debug|Any CPU
		{65BD679F-C1E5-471B-BBF6-F961471947F0}.Ad-Hoc|Any CPU.Deploy.0 = Debug|Any CPU
		{65BD679F-C1E5-471B-BBF6-F961471947F0}.Ad-Hoc|ARM.ActiveCfg = Debug|Any CPU
		{65BD679F-C1E5-471B-BBF6-F961471947F0}.Ad-Hoc|ARM.Build.0 = Debug|Any CPU
		{65BD679F-C1E5-471B-BBF6-F961471947F0}.Ad-Hoc|ARM.Deploy.0 = Debug|Any CPU
		{65BD679F-C1E5-471B-BBF6-F961471947F0}.Ad-Hoc|iPhone.ActiveCfg = Debug|Any CPU
		{65BD679F-C1E5-471B-BBF6-F961471947F0}.Ad-Hoc|iPhone.Build.0 = Debug|Any CPU
		{65BD679F-C1E5-471B-BBF6-F961471947F0}.Ad-Hoc|iPhone.Deploy.0 = Debug|Any CPU
		{65BD679F-C1E5-471B-BBF6-F961471947F0}.Ad-Hoc|iPhoneSimulator.ActiveCfg = Debug|Any CPU
		{65BD679F-C1E5-471B-BBF6-F961471947F0}.Ad-Hoc|iPhoneSimulator.Build.0 = Debug|Any CPU
		{65BD679F-C1E5-471B-BBF6-F961471947F0}.Ad-Hoc|iPhoneSimulator.Deploy.0 = Debug|Any CPU
		{65BD679F-C1E5-471B-BBF6-F961471947F0}.Ad-Hoc|x64.ActiveCfg = Debug|Any CPU
		{65BD679F-C1E5-471B-BBF6-F961471947F0}.Ad-Hoc|x64.Build.0 = Debug|Any CPU
		{65BD679F-C1E5-471B-BBF6-F961471947F0}.Ad-Hoc|x64.Deploy.0 = Debug|Any CPU
		{65BD679F-C1E5-471B-BBF6-F961471947F0}.Ad-Hoc|x86.ActiveCfg = Debug|Any CPU
		{65BD679F-C1E5-471B-BBF6-F961471947F0}.Ad-Hoc|x86.Build.0 = Debug|Any CPU
		{65BD679F-C1E5-471B-BBF6-F961471947F0}.Ad-Hoc|x86.Deploy.0 = Debug|Any CPU
		{65BD679F-C1E5-471B-BBF6-F961471947F0}.AppStore|Any CPU.ActiveCfg = Debug|Any CPU
		{65BD679F-C1E5-471B-BBF6-F961471947F0}.AppStore|Any CPU.Build.0 = Debug|Any CPU
		{65BD679F-C1E5-471B-BBF6-F961471947F0}.AppStore|Any CPU.Deploy.0 = Debug|Any CPU
		{65BD679F-C1E5-471B-BBF6-F961471947F0}.AppStore|ARM.ActiveCfg = Debug|Any CPU
		{65BD679F-C1E5-471B-BBF6-F961471947F0}.AppStore|ARM.Build.0 = Debug|Any CPU
		{65BD679F-C1E5-471B-BBF6-F961471947F0}.AppStore|ARM.Deploy.0 = Debug|Any CPU
		{65BD679F-C1E5-471B-BBF6-F961471947F0}.AppStore|iPhone.ActiveCfg = Debug|Any CPU
		{65BD679F-C1E5-471B-BBF6-F961471947F0}.AppStore|iPhone.Build.0 = Debug|Any CPU
		{65BD679F-C1E5-471B-BBF6-F961471947F0}.AppStore|iPhone.Deploy.0 = Debug|Any CPU
		{65BD679F-C1E5-471B-BBF6-F961471947F0}.AppStore|iPhoneSimulator.ActiveCfg = Debug|Any CPU
		{65BD679F-C1E5-471B-BBF6-F961471947F0}.AppStore|iPhoneSimulator.Build.0 = Debug|Any CPU
		{65BD679F-C1E5-471B-BBF6-F961471947F0}.AppStore|iPhoneSimulator.Deploy.0 = Debug|Any CPU
		{65BD679F-C1E5-471B-BBF6-F961471947F0}.AppStore|x64.ActiveCfg = Debug|Any CPU
		{65BD679F-C1E5-471B-BBF6-F961471947F0}.AppStore|x64.Build.0 = Debug|Any CPU
		{65BD679F-C1E5-471B-BBF6-F961471947F0}.AppStore|x64.Deploy.0 = Debug|Any CPU
		{65BD679F-C1E5-471B-BBF6-F961471947F0}.AppStore|x86.ActiveCfg = Debug|Any CPU
		{65BD679F-C1E5-471B-BBF6-F961471947F0}.AppStore|x86.Build.0 = Debug|Any CPU
		{65BD679F-C1E5-471B-BBF6-F961471947F0}.AppStore|x86.Deploy.0 = Debug|Any CPU
		{65BD679F-C1E5-471B-BBF6-F961471947F0}.Debug|Any CPU.ActiveCfg = Debug|Any CPU
		{65BD679F-C1E5-471B-BBF6-F961471947F0}.Debug|Any CPU.Build.0 = Debug|Any CPU
		{65BD679F-C1E5-471B-BBF6-F961471947F0}.Debug|Any CPU.Deploy.0 = Debug|Any CPU
		{65BD679F-C1E5-471B-BBF6-F961471947F0}.Debug|ARM.ActiveCfg = Debug|Any CPU
		{65BD679F-C1E5-471B-BBF6-F961471947F0}.Debug|ARM.Build.0 = Debug|Any CPU
		{65BD679F-C1E5-471B-BBF6-F961471947F0}.Debug|ARM.Deploy.0 = Debug|Any CPU
		{65BD679F-C1E5-471B-BBF6-F961471947F0}.Debug|iPhone.ActiveCfg = Debug|Any CPU
		{65BD679F-C1E5-471B-BBF6-F961471947F0}.Debug|iPhone.Build.0 = Debug|Any CPU
		{65BD679F-C1E5-471B-BBF6-F961471947F0}.Debug|iPhone.Deploy.0 = Debug|Any CPU
		{65BD679F-C1E5-471B-BBF6-F961471947F0}.Debug|iPhoneSimulator.ActiveCfg = Debug|Any CPU
		{65BD679F-C1E5-471B-BBF6-F961471947F0}.Debug|iPhoneSimulator.Build.0 = Debug|Any CPU
		{65BD679F-C1E5-471B-BBF6-F961471947F0}.Debug|iPhoneSimulator.Deploy.0 = Debug|Any CPU
		{65BD679F-C1E5-471B-BBF6-F961471947F0}.Debug|x64.ActiveCfg = Debug|Any CPU
		{65BD679F-C1E5-471B-BBF6-F961471947F0}.Debug|x64.Build.0 = Debug|Any CPU
		{65BD679F-C1E5-471B-BBF6-F961471947F0}.Debug|x64.Deploy.0 = Debug|Any CPU
		{65BD679F-C1E5-471B-BBF6-F961471947F0}.Debug|x86.ActiveCfg = Debug|Any CPU
		{65BD679F-C1E5-471B-BBF6-F961471947F0}.Debug|x86.Build.0 = Debug|Any CPU
		{65BD679F-C1E5-471B-BBF6-F961471947F0}.Debug|x86.Deploy.0 = Debug|Any CPU
		{65BD679F-C1E5-471B-BBF6-F961471947F0}.Release|Any CPU.ActiveCfg = Release|Any CPU
		{65BD679F-C1E5-471B-BBF6-F961471947F0}.Release|Any CPU.Build.0 = Release|Any CPU
		{65BD679F-C1E5-471B-BBF6-F961471947F0}.Release|Any CPU.Deploy.0 = Release|Any CPU
		{65BD679F-C1E5-471B-BBF6-F961471947F0}.Release|ARM.ActiveCfg = Release|Any CPU
		{65BD679F-C1E5-471B-BBF6-F961471947F0}.Release|ARM.Build.0 = Release|Any CPU
		{65BD679F-C1E5-471B-BBF6-F961471947F0}.Release|ARM.Deploy.0 = Release|Any CPU
		{65BD679F-C1E5-471B-BBF6-F961471947F0}.Release|iPhone.ActiveCfg = Release|Any CPU
		{65BD679F-C1E5-471B-BBF6-F961471947F0}.Release|iPhone.Build.0 = Release|Any CPU
		{65BD679F-C1E5-471B-BBF6-F961471947F0}.Release|iPhone.Deploy.0 = Release|Any CPU
		{65BD679F-C1E5-471B-BBF6-F961471947F0}.Release|iPhoneSimulator.ActiveCfg = Release|Any CPU
		{65BD679F-C1E5-471B-BBF6-F961471947F0}.Release|iPhoneSimulator.Build.0 = Release|Any CPU
		{65BD679F-C1E5-471B-BBF6-F961471947F0}.Release|iPhoneSimulator.Deploy.0 = Release|Any CPU
		{65BD679F-C1E5-471B-BBF6-F961471947F0}.Release|x64.ActiveCfg = Release|Any CPU
		{65BD679F-C1E5-471B-BBF6-F961471947F0}.Release|x64.Build.0 = Release|Any CPU
		{65BD679F-C1E5-471B-BBF6-F961471947F0}.Release|x64.Deploy.0 = Release|Any CPU
		{65BD679F-C1E5-471B-BBF6-F961471947F0}.Release|x86.ActiveCfg = Release|Any CPU
		{65BD679F-C1E5-471B-BBF6-F961471947F0}.Release|x86.Build.0 = Release|Any CPU
		{65BD679F-C1E5-471B-BBF6-F961471947F0}.Release|x86.Deploy.0 = Release|Any CPU
		{2371BBF5-C35F-4DBE-8395-7975B776683D}.Ad-Hoc|Any CPU.ActiveCfg = Debug|Any CPU
		{2371BBF5-C35F-4DBE-8395-7975B776683D}.Ad-Hoc|Any CPU.Build.0 = Debug|Any CPU
		{2371BBF5-C35F-4DBE-8395-7975B776683D}.Ad-Hoc|ARM.ActiveCfg = Debug|Any CPU
		{2371BBF5-C35F-4DBE-8395-7975B776683D}.Ad-Hoc|ARM.Build.0 = Debug|Any CPU
		{2371BBF5-C35F-4DBE-8395-7975B776683D}.Ad-Hoc|iPhone.ActiveCfg = Debug|Any CPU
		{2371BBF5-C35F-4DBE-8395-7975B776683D}.Ad-Hoc|iPhone.Build.0 = Debug|Any CPU
		{2371BBF5-C35F-4DBE-8395-7975B776683D}.Ad-Hoc|iPhoneSimulator.ActiveCfg = Debug|Any CPU
		{2371BBF5-C35F-4DBE-8395-7975B776683D}.Ad-Hoc|iPhoneSimulator.Build.0 = Debug|Any CPU
		{2371BBF5-C35F-4DBE-8395-7975B776683D}.Ad-Hoc|x64.ActiveCfg = Debug|Any CPU
		{2371BBF5-C35F-4DBE-8395-7975B776683D}.Ad-Hoc|x64.Build.0 = Debug|Any CPU
		{2371BBF5-C35F-4DBE-8395-7975B776683D}.Ad-Hoc|x86.ActiveCfg = Debug|Any CPU
		{2371BBF5-C35F-4DBE-8395-7975B776683D}.Ad-Hoc|x86.Build.0 = Debug|Any CPU
		{2371BBF5-C35F-4DBE-8395-7975B776683D}.AppStore|Any CPU.ActiveCfg = Debug|Any CPU
		{2371BBF5-C35F-4DBE-8395-7975B776683D}.AppStore|Any CPU.Build.0 = Debug|Any CPU
		{2371BBF5-C35F-4DBE-8395-7975B776683D}.AppStore|ARM.ActiveCfg = Debug|Any CPU
		{2371BBF5-C35F-4DBE-8395-7975B776683D}.AppStore|ARM.Build.0 = Debug|Any CPU
		{2371BBF5-C35F-4DBE-8395-7975B776683D}.AppStore|iPhone.ActiveCfg = Debug|Any CPU
		{2371BBF5-C35F-4DBE-8395-7975B776683D}.AppStore|iPhone.Build.0 = Debug|Any CPU
		{2371BBF5-C35F-4DBE-8395-7975B776683D}.AppStore|iPhoneSimulator.ActiveCfg = Debug|Any CPU
		{2371BBF5-C35F-4DBE-8395-7975B776683D}.AppStore|iPhoneSimulator.Build.0 = Debug|Any CPU
		{2371BBF5-C35F-4DBE-8395-7975B776683D}.AppStore|x64.ActiveCfg = Debug|Any CPU
		{2371BBF5-C35F-4DBE-8395-7975B776683D}.AppStore|x64.Build.0 = Debug|Any CPU
		{2371BBF5-C35F-4DBE-8395-7975B776683D}.AppStore|x86.ActiveCfg = Debug|Any CPU
		{2371BBF5-C35F-4DBE-8395-7975B776683D}.AppStore|x86.Build.0 = Debug|Any CPU
		{2371BBF5-C35F-4DBE-8395-7975B776683D}.Debug|Any CPU.ActiveCfg = Debug|Any CPU
		{2371BBF5-C35F-4DBE-8395-7975B776683D}.Debug|Any CPU.Build.0 = Debug|Any CPU
		{2371BBF5-C35F-4DBE-8395-7975B776683D}.Debug|ARM.ActiveCfg = Debug|Any CPU
		{2371BBF5-C35F-4DBE-8395-7975B776683D}.Debug|ARM.Build.0 = Debug|Any CPU
		{2371BBF5-C35F-4DBE-8395-7975B776683D}.Debug|iPhone.ActiveCfg = Debug|Any CPU
		{2371BBF5-C35F-4DBE-8395-7975B776683D}.Debug|iPhone.Build.0 = Debug|Any CPU
		{2371BBF5-C35F-4DBE-8395-7975B776683D}.Debug|iPhoneSimulator.ActiveCfg = Debug|Any CPU
		{2371BBF5-C35F-4DBE-8395-7975B776683D}.Debug|iPhoneSimulator.Build.0 = Debug|Any CPU
		{2371BBF5-C35F-4DBE-8395-7975B776683D}.Debug|x64.ActiveCfg = Debug|Any CPU
		{2371BBF5-C35F-4DBE-8395-7975B776683D}.Debug|x64.Build.0 = Debug|Any CPU
		{2371BBF5-C35F-4DBE-8395-7975B776683D}.Debug|x86.ActiveCfg = Debug|Any CPU
		{2371BBF5-C35F-4DBE-8395-7975B776683D}.Debug|x86.Build.0 = Debug|Any CPU
		{2371BBF5-C35F-4DBE-8395-7975B776683D}.Release|Any CPU.ActiveCfg = Release|Any CPU
		{2371BBF5-C35F-4DBE-8395-7975B776683D}.Release|Any CPU.Build.0 = Release|Any CPU
		{2371BBF5-C35F-4DBE-8395-7975B776683D}.Release|ARM.ActiveCfg = Release|Any CPU
		{2371BBF5-C35F-4DBE-8395-7975B776683D}.Release|ARM.Build.0 = Release|Any CPU
		{2371BBF5-C35F-4DBE-8395-7975B776683D}.Release|iPhone.ActiveCfg = Release|Any CPU
		{2371BBF5-C35F-4DBE-8395-7975B776683D}.Release|iPhone.Build.0 = Release|Any CPU
		{2371BBF5-C35F-4DBE-8395-7975B776683D}.Release|iPhoneSimulator.ActiveCfg = Release|Any CPU
		{2371BBF5-C35F-4DBE-8395-7975B776683D}.Release|iPhoneSimulator.Build.0 = Release|Any CPU
		{2371BBF5-C35F-4DBE-8395-7975B776683D}.Release|x64.ActiveCfg = Release|Any CPU
		{2371BBF5-C35F-4DBE-8395-7975B776683D}.Release|x64.Build.0 = Release|Any CPU
		{2371BBF5-C35F-4DBE-8395-7975B776683D}.Release|x86.ActiveCfg = Release|Any CPU
		{2371BBF5-C35F-4DBE-8395-7975B776683D}.Release|x86.Build.0 = Release|Any CPU
		{34D520BE-3F72-479E-B220-74655443AB8F}.Ad-Hoc|Any CPU.ActiveCfg = Debug|Any CPU
		{34D520BE-3F72-479E-B220-74655443AB8F}.Ad-Hoc|Any CPU.Build.0 = Debug|Any CPU
		{34D520BE-3F72-479E-B220-74655443AB8F}.Ad-Hoc|ARM.ActiveCfg = Debug|Any CPU
		{34D520BE-3F72-479E-B220-74655443AB8F}.Ad-Hoc|ARM.Build.0 = Debug|Any CPU
		{34D520BE-3F72-479E-B220-74655443AB8F}.Ad-Hoc|iPhone.ActiveCfg = Debug|Any CPU
		{34D520BE-3F72-479E-B220-74655443AB8F}.Ad-Hoc|iPhone.Build.0 = Debug|Any CPU
		{34D520BE-3F72-479E-B220-74655443AB8F}.Ad-Hoc|iPhoneSimulator.ActiveCfg = Debug|Any CPU
		{34D520BE-3F72-479E-B220-74655443AB8F}.Ad-Hoc|iPhoneSimulator.Build.0 = Debug|Any CPU
		{34D520BE-3F72-479E-B220-74655443AB8F}.Ad-Hoc|x64.ActiveCfg = Debug|Any CPU
		{34D520BE-3F72-479E-B220-74655443AB8F}.Ad-Hoc|x64.Build.0 = Debug|Any CPU
		{34D520BE-3F72-479E-B220-74655443AB8F}.Ad-Hoc|x86.ActiveCfg = Debug|Any CPU
		{34D520BE-3F72-479E-B220-74655443AB8F}.Ad-Hoc|x86.Build.0 = Debug|Any CPU
		{34D520BE-3F72-479E-B220-74655443AB8F}.AppStore|Any CPU.ActiveCfg = Debug|Any CPU
		{34D520BE-3F72-479E-B220-74655443AB8F}.AppStore|Any CPU.Build.0 = Debug|Any CPU
		{34D520BE-3F72-479E-B220-74655443AB8F}.AppStore|ARM.ActiveCfg = Debug|Any CPU
		{34D520BE-3F72-479E-B220-74655443AB8F}.AppStore|ARM.Build.0 = Debug|Any CPU
		{34D520BE-3F72-479E-B220-74655443AB8F}.AppStore|iPhone.ActiveCfg = Debug|Any CPU
		{34D520BE-3F72-479E-B220-74655443AB8F}.AppStore|iPhone.Build.0 = Debug|Any CPU
		{34D520BE-3F72-479E-B220-74655443AB8F}.AppStore|iPhoneSimulator.ActiveCfg = Debug|Any CPU
		{34D520BE-3F72-479E-B220-74655443AB8F}.AppStore|iPhoneSimulator.Build.0 = Debug|Any CPU
		{34D520BE-3F72-479E-B220-74655443AB8F}.AppStore|x64.ActiveCfg = Debug|Any CPU
		{34D520BE-3F72-479E-B220-74655443AB8F}.AppStore|x64.Build.0 = Debug|Any CPU
		{34D520BE-3F72-479E-B220-74655443AB8F}.AppStore|x86.ActiveCfg = Debug|Any CPU
		{34D520BE-3F72-479E-B220-74655443AB8F}.AppStore|x86.Build.0 = Debug|Any CPU
		{34D520BE-3F72-479E-B220-74655443AB8F}.Debug|Any CPU.ActiveCfg = Debug|Any CPU
		{34D520BE-3F72-479E-B220-74655443AB8F}.Debug|Any CPU.Build.0 = Debug|Any CPU
		{34D520BE-3F72-479E-B220-74655443AB8F}.Debug|ARM.ActiveCfg = Debug|Any CPU
		{34D520BE-3F72-479E-B220-74655443AB8F}.Debug|ARM.Build.0 = Debug|Any CPU
		{34D520BE-3F72-479E-B220-74655443AB8F}.Debug|iPhone.ActiveCfg = Debug|Any CPU
		{34D520BE-3F72-479E-B220-74655443AB8F}.Debug|iPhone.Build.0 = Debug|Any CPU
		{34D520BE-3F72-479E-B220-74655443AB8F}.Debug|iPhoneSimulator.ActiveCfg = Debug|Any CPU
		{34D520BE-3F72-479E-B220-74655443AB8F}.Debug|iPhoneSimulator.Build.0 = Debug|Any CPU
		{34D520BE-3F72-479E-B220-74655443AB8F}.Debug|x64.ActiveCfg = Debug|Any CPU
		{34D520BE-3F72-479E-B220-74655443AB8F}.Debug|x64.Build.0 = Debug|Any CPU
		{34D520BE-3F72-479E-B220-74655443AB8F}.Debug|x86.ActiveCfg = Debug|Any CPU
		{34D520BE-3F72-479E-B220-74655443AB8F}.Debug|x86.Build.0 = Debug|Any CPU
		{34D520BE-3F72-479E-B220-74655443AB8F}.Release|Any CPU.ActiveCfg = Release|Any CPU
		{34D520BE-3F72-479E-B220-74655443AB8F}.Release|Any CPU.Build.0 = Release|Any CPU
		{34D520BE-3F72-479E-B220-74655443AB8F}.Release|ARM.ActiveCfg = Release|Any CPU
		{34D520BE-3F72-479E-B220-74655443AB8F}.Release|ARM.Build.0 = Release|Any CPU
		{34D520BE-3F72-479E-B220-74655443AB8F}.Release|iPhone.ActiveCfg = Release|Any CPU
		{34D520BE-3F72-479E-B220-74655443AB8F}.Release|iPhone.Build.0 = Release|Any CPU
		{34D520BE-3F72-479E-B220-74655443AB8F}.Release|iPhoneSimulator.ActiveCfg = Release|Any CPU
		{34D520BE-3F72-479E-B220-74655443AB8F}.Release|iPhoneSimulator.Build.0 = Release|Any CPU
		{34D520BE-3F72-479E-B220-74655443AB8F}.Release|x64.ActiveCfg = Release|Any CPU
		{34D520BE-3F72-479E-B220-74655443AB8F}.Release|x64.Build.0 = Release|Any CPU
		{34D520BE-3F72-479E-B220-74655443AB8F}.Release|x86.ActiveCfg = Release|Any CPU
		{34D520BE-3F72-479E-B220-74655443AB8F}.Release|x86.Build.0 = Release|Any CPU
	EndGlobalSection
	GlobalSection(SolutionProperties) = preSolution
		HideSolutionNode = FALSE
	EndGlobalSection
	GlobalSection(ExtensibilityGlobals) = postSolution
		SolutionGuid = {44D0D5ED-E114-43E4-9B48-D5BEBFF58A16}
	EndGlobalSection
EndGlobal
